
Microsoft Visual Studio Solution File, Format Version 12.00
# Visual Studio Version 17
VisualStudioVersion = 17.2.32519.379
MinimumVisualStudioVersion = 10.0.40219.1
Project("{FAE04EC0-301F-11D3-BF4B-00C04F79EFBC}") = "Unit18Final", "Unit18Final\Unit18Final.csproj", "{908BD560-823A-4090-8CC6-9947693DC4AD}"
EndProject
Global
	GlobalSection(SolutionConfigurationPlatforms) = preSolution
		Debug|Any CPU = Debug|Any CPU
		Release|Any CPU = Release|Any CPU
	EndGlobalSection
	GlobalSection(ProjectConfigurationPlatforms) = postSolution
		{908BD560-823A-4090-8CC6-9947693DC4AD}.Debug|Any CPU.ActiveCfg = Debug|Any CPU
		{908BD560-823A-4090-8CC6-9947693DC4AD}.Debug|Any CPU.Build.0 = Debug|Any CPU
		{908BD560-823A-4090-8CC6-9947693DC4AD}.Release|Any CPU.ActiveCfg = Release|Any CPU
		{908BD560-823A-4090-8CC6-9947693DC4AD}.Release|Any CPU.Build.0 = Release|Any CPU
	EndGlobalSection
	GlobalSection(SolutionProperties) = preSolution
		HideSolutionNode = FALSE
	EndGlobalSection
	GlobalSection(ExtensibilityGlobals) = postSolution
		SolutionGuid = {7811E7EB-F70F-47E1-9DAC-800298BD24A2}
	EndGlobalSection
EndGlobal
